
Microsoft Visual Studio Solution File, Format Version 12.00
# Visual Studio Version 17
VisualStudioVersion = 17.5.33530.505
MinimumVisualStudioVersion = 10.0.40219.1
Project("{FAE04EC0-301F-11D3-BF4B-00C04F79EFBC}") = "MeVaBeProject", "MeVaBeProject.csproj", "{5FA52E81-CC63-4781-BF80-4DC65C248AE6}"
EndProject
Project("{FAE04EC0-301F-11D3-BF4B-00C04F79EFBC}") = "CustomControl", "CustomControl\CustomControl.csproj", "{BFBB9513-FF44-4E4E-A717-459735ADF262}"
EndProject
Project("{FAE04EC0-301F-11D3-BF4B-00C04F79EFBC}") = "DTO", "DTO\DTO.csproj", "{76071D20-A689-4206-AB53-56B44D0FBE01}"
EndProject
Project("{FAE04EC0-301F-11D3-BF4B-00C04F79EFBC}") = "DAL", "DAL\DAL.csproj", "{52DFF7D9-02C3-41BE-A0BE-2D63493C31C7}"
EndProject
Project("{FAE04EC0-301F-11D3-BF4B-00C04F79EFBC}") = "BLL", "BLL\BLL.csproj", "{28D55DEC-C889-4690-BCBC-E92DCF717BCC}"
EndProject
Global
	GlobalSection(SolutionConfigurationPlatforms) = preSolution
		Debug|Any CPU = Debug|Any CPU
		Release|Any CPU = Release|Any CPU
	EndGlobalSection
	GlobalSection(ProjectConfigurationPlatforms) = postSolution
		{5FA52E81-CC63-4781-BF80-4DC65C248AE6}.Debug|Any CPU.ActiveCfg = Debug|Any CPU
		{5FA52E81-CC63-4781-BF80-4DC65C248AE6}.Debug|Any CPU.Build.0 = Debug|Any CPU
		{5FA52E81-CC63-4781-BF80-4DC65C248AE6}.Release|Any CPU.ActiveCfg = Release|Any CPU
		{5FA52E81-CC63-4781-BF80-4DC65C248AE6}.Release|Any CPU.Build.0 = Release|Any CPU
		{BFBB9513-FF44-4E4E-A717-459735ADF262}.Debug|Any CPU.ActiveCfg = Debug|Any CPU
		{BFBB9513-FF44-4E4E-A717-459735ADF262}.Debug|Any CPU.Build.0 = Debug|Any CPU
		{BFBB9513-FF44-4E4E-A717-459735ADF262}.Release|Any CPU.ActiveCfg = Release|Any CPU
		{BFBB9513-FF44-4E4E-A717-459735ADF262}.Release|Any CPU.Build.0 = Release|Any CPU
		{76071D20-A689-4206-AB53-56B44D0FBE01}.Debug|Any CPU.ActiveCfg = Debug|Any CPU
		{76071D20-A689-4206-AB53-56B44D0FBE01}.Debug|Any CPU.Build.0 = Debug|Any CPU
		{76071D20-A689-4206-AB53-56B44D0FBE01}.Release|Any CPU.ActiveCfg = Release|Any CPU
		{76071D20-A689-4206-AB53-56B44D0FBE01}.Release|Any CPU.Build.0 = Release|Any CPU
		{52DFF7D9-02C3-41BE-A0BE-2D63493C31C7}.Debug|Any CPU.ActiveCfg = Debug|Any CPU
		{52DFF7D9-02C3-41BE-A0BE-2D63493C31C7}.Debug|Any CPU.Build.0 = Debug|Any CPU
		{52DFF7D9-02C3-41BE-A0BE-2D63493C31C7}.Release|Any CPU.ActiveCfg = Release|Any CPU
		{52DFF7D9-02C3-41BE-A0BE-2D63493C31C7}.Release|Any CPU.Build.0 = Release|Any CPU
		{28D55DEC-C889-4690-BCBC-E92DCF717BCC}.Debug|Any CPU.ActiveCfg = Debug|Any CPU
		{28D55DEC-C889-4690-BCBC-E92DCF717BCC}.Debug|Any CPU.Build.0 = Debug|Any CPU
		{28D55DEC-C889-4690-BCBC-E92DCF717BCC}.Release|Any CPU.ActiveCfg = Release|Any CPU
		{28D55DEC-C889-4690-BCBC-E92DCF717BCC}.Release|Any CPU.Build.0 = Release|Any CPU
	EndGlobalSection
	GlobalSection(SolutionProperties) = preSolution
		HideSolutionNode = FALSE
	EndGlobalSection
	GlobalSection(ExtensibilityGlobals) = postSolution
		SolutionGuid = {ECEF5A3D-2BF7-4BB2-8DF2-A0C6D1CA7870}
	EndGlobalSection
EndGlobal
